
Microsoft Visual Studio Solution File, Format Version 12.00
# Visual Studio Version 16
VisualStudioVersion = 16.0.30204.135
MinimumVisualStudioVersion = 10.0.40219.1
Project("{FAE04EC0-301F-11D3-BF4B-00C04F79EFBC}") = "iRadioConsole", "iRadioConsole\iRadioConsole.csproj", "{8B9C226F-09FD-4154-9B2B-5B8E1CB4EE1C}"
EndProject
Project("{FAE04EC0-301F-11D3-BF4B-00C04F79EFBC}") = "UnitTesting", "UnitTesting\UnitTesting.csproj", "{49122327-C15F-4BBB-9D75-FBA723008B17}"
EndProject
Project("{2150E333-8FDC-42A3-9474-1A3956D46DE8}") = "Solution Items", "Solution Items", "{B657C57C-D233-42FA-90C5-E82CC237A8E3}"
	ProjectSection(SolutionItems) = preProject
		LICENSE = LICENSE
		README.md = README.md
	EndProjectSection
EndProject
Global
	GlobalSection(SolutionConfigurationPlatforms) = preSolution
		Debug|Any CPU = Debug|Any CPU
		Release|Any CPU = Release|Any CPU
	EndGlobalSection
	GlobalSection(ProjectConfigurationPlatforms) = postSolution
		{8B9C226F-09FD-4154-9B2B-5B8E1CB4EE1C}.Debug|Any CPU.ActiveCfg = Debug|Any CPU
		{8B9C226F-09FD-4154-9B2B-5B8E1CB4EE1C}.Debug|Any CPU.Build.0 = Debug|Any CPU
		{8B9C226F-09FD-4154-9B2B-5B8E1CB4EE1C}.Release|Any CPU.ActiveCfg = Release|Any CPU
		{8B9C226F-09FD-4154-9B2B-5B8E1CB4EE1C}.Release|Any CPU.Build.0 = Release|Any CPU
		{49122327-C15F-4BBB-9D75-FBA723008B17}.Debug|Any CPU.ActiveCfg = Debug|Any CPU
		{49122327-C15F-4BBB-9D75-FBA723008B17}.Debug|Any CPU.Build.0 = Debug|Any CPU
		{49122327-C15F-4BBB-9D75-FBA723008B17}.Release|Any CPU.ActiveCfg = Release|Any CPU
		{49122327-C15F-4BBB-9D75-FBA723008B17}.Release|Any CPU.Build.0 = Release|Any CPU
	EndGlobalSection
	GlobalSection(SolutionProperties) = preSolution
		HideSolutionNode = FALSE
	EndGlobalSection
	GlobalSection(ExtensibilityGlobals) = postSolution
		SolutionGuid = {9C5F05F0-EF03-4272-9904-037D97918D7B}
	EndGlobalSection
EndGlobal
